
Microsoft Visual Studio Solution File, Format Version 12.00
# Visual Studio Version 17
VisualStudioVersion = 17.0.31903.59
MinimumVisualStudioVersion = 10.0.40219.1
Project("{FAE04EC0-301F-11D3-BF4B-00C04F79EFBC}") = "API", "API\API.csproj", "{5834830F-AF36-4736-BA1D-CDC1FBE2757F}"
EndProject
Project("{FAE04EC0-301F-11D3-BF4B-00C04F79EFBC}") = "Application", "Application\Application.csproj", "{607D512F-C94B-497C-B8EC-3A12485F0A57}"
EndProject
Project("{FAE04EC0-301F-11D3-BF4B-00C04F79EFBC}") = "Domain", "Domain\Domain.csproj", "{9FCDEAB0-F81C-4CB1-B027-4E5884AF8890}"
EndProject
Project("{FAE04EC0-301F-11D3-BF4B-00C04F79EFBC}") = "Persistence", "Persistence\Persistence.csproj", "{4387C1D6-F47C-4801-9CE4-EDC7EBFC68C9}"
EndProject
Project("{FAE04EC0-301F-11D3-BF4B-00C04F79EFBC}") = "Infrastructure", "Infrastructure\Infrastructure.csproj", "{A00B805B-B49D-4D70-8AFA-E38F61C4ED41}"
EndProject
Global
	GlobalSection(SolutionConfigurationPlatforms) = preSolution
		Debug|Any CPU = Debug|Any CPU
		Release|Any CPU = Release|Any CPU
	EndGlobalSection
	GlobalSection(ProjectConfigurationPlatforms) = postSolution
		{5834830F-AF36-4736-BA1D-CDC1FBE2757F}.Debug|Any CPU.ActiveCfg = Debug|Any CPU
		{5834830F-AF36-4736-BA1D-CDC1FBE2757F}.Debug|Any CPU.Build.0 = Debug|Any CPU
		{5834830F-AF36-4736-BA1D-CDC1FBE2757F}.Release|Any CPU.ActiveCfg = Release|Any CPU
		{5834830F-AF36-4736-BA1D-CDC1FBE2757F}.Release|Any CPU.Build.0 = Release|Any CPU
		{607D512F-C94B-497C-B8EC-3A12485F0A57}.Debug|Any CPU.ActiveCfg = Debug|Any CPU
		{607D512F-C94B-497C-B8EC-3A12485F0A57}.Debug|Any CPU.Build.0 = Debug|Any CPU
		{607D512F-C94B-497C-B8EC-3A12485F0A57}.Release|Any CPU.ActiveCfg = Release|Any CPU
		{607D512F-C94B-497C-B8EC-3A12485F0A57}.Release|Any CPU.Build.0 = Release|Any CPU
		{9FCDEAB0-F81C-4CB1-B027-4E5884AF8890}.Debug|Any CPU.ActiveCfg = Debug|Any CPU
		{9FCDEAB0-F81C-4CB1-B027-4E5884AF8890}.Debug|Any CPU.Build.0 = Debug|Any CPU
		{9FCDEAB0-F81C-4CB1-B027-4E5884AF8890}.Release|Any CPU.ActiveCfg = Release|Any CPU
		{9FCDEAB0-F81C-4CB1-B027-4E5884AF8890}.Release|Any CPU.Build.0 = Release|Any CPU
		{4387C1D6-F47C-4801-9CE4-EDC7EBFC68C9}.Debug|Any CPU.ActiveCfg = Debug|Any CPU
		{4387C1D6-F47C-4801-9CE4-EDC7EBFC68C9}.Debug|Any CPU.Build.0 = Debug|Any CPU
		{4387C1D6-F47C-4801-9CE4-EDC7EBFC68C9}.Release|Any CPU.ActiveCfg = Release|Any CPU
		{4387C1D6-F47C-4801-9CE4-EDC7EBFC68C9}.Release|Any CPU.Build.0 = Release|Any CPU
		{A00B805B-B49D-4D70-8AFA-E38F61C4ED41}.Debug|Any CPU.ActiveCfg = Debug|Any CPU
		{A00B805B-B49D-4D70-8AFA-E38F61C4ED41}.Debug|Any CPU.Build.0 = Debug|Any CPU
		{A00B805B-B49D-4D70-8AFA-E38F61C4ED41}.Release|Any CPU.ActiveCfg = Release|Any CPU
		{A00B805B-B49D-4D70-8AFA-E38F61C4ED41}.Release|Any CPU.Build.0 = Release|Any CPU
	EndGlobalSection
	GlobalSection(SolutionProperties) = preSolution
		HideSolutionNode = FALSE
	EndGlobalSection
EndGlobal
